
Microsoft Visual Studio Solution File, Format Version 12.00
# Visual Studio 15
Project("{FAE04EC0-301F-11D3-BF4B-00C04F79EFBC}") = "UnityEngine.TestRunner", "UnityEngine.TestRunner.csproj", "{B4749913-DBBD-3C9C-1152-72D9E069116F}"
EndProject
Project("{FAE04EC0-301F-11D3-BF4B-00C04F79EFBC}") = "UnityEngine.UI", "UnityEngine.UI.csproj", "{FD52D26F-DCA8-95FF-74A0-382C613A246A}"
EndProject
Project("{FAE04EC0-301F-11D3-BF4B-00C04F79EFBC}") = "Unity.VisualScripting.Flow", "Unity.VisualScripting.Flow.csproj", "{6A08658C-936D-A9A9-C556-FA74DE61BFD8}"
EndProject
Project("{FAE04EC0-301F-11D3-BF4B-00C04F79EFBC}") = "Unity.VisualScripting.State", "Unity.VisualScripting.State.csproj", "{7582CD60-5E03-6817-4993-CAC2BC705D7E}"
EndProject
Project("{FAE04EC0-301F-11D3-BF4B-00C04F79EFBC}") = "Unity.VisualScripting.Core", "Unity.VisualScripting.Core.csproj", "{0D546F8A-3F73-4C45-3CD6-E079E88F495A}"
EndProject
Project("{FAE04EC0-301F-11D3-BF4B-00C04F79EFBC}") = "Unity.TextMeshPro", "Unity.TextMeshPro.csproj", "{448DA80D-7B6E-F0E7-43AA-04D9B8CDC1EA}"
EndProject
Project("{FAE04EC0-301F-11D3-BF4B-00C04F79EFBC}") = "Unity.Timeline", "Unity.Timeline.csproj", "{49741026-748C-CEC5-A1A3-C3F44017E815}"
EndProject
Project("{FAE04EC0-301F-11D3-BF4B-00C04F79EFBC}") = "Assembly-CSharp", "Assembly-CSharp.csproj", "{6ADFC60A-5A15-19B2-4734-67F497ED10DC}"
EndProject
Project("{FAE04EC0-301F-11D3-BF4B-00C04F79EFBC}") = "Unity.PlasticSCM.Editor", "Unity.PlasticSCM.Editor.csproj", "{4EBECA01-7C51-6FB7-6D72-B5AAFA30E49F}"
EndProject
Project("{FAE04EC0-301F-11D3-BF4B-00C04F79EFBC}") = "Unity.VisualScripting.Core.Editor", "Unity.VisualScripting.Core.Editor.csproj", "{E807B5B4-3A99-7448-7261-19BEB6262D3B}"
EndProject
Project("{FAE04EC0-301F-11D3-BF4B-00C04F79EFBC}") = "Unity.VisualScripting.Flow.Editor", "Unity.VisualScripting.Flow.Editor.csproj", "{7DB9945D-1892-AAFE-9898-566A7C6B1AF7}"
EndProject
Project("{FAE04EC0-301F-11D3-BF4B-00C04F79EFBC}") = "Unity.VisualStudio.Editor", "Unity.VisualStudio.Editor.csproj", "{8A85C3F2-04B7-E0DE-BEA2-F844FB459DEB}"
EndProject
Project("{FAE04EC0-301F-11D3-BF4B-00C04F79EFBC}") = "Unity.Timeline.Editor", "Unity.Timeline.Editor.csproj", "{4F4B09BF-879D-6894-2DD1-F5834DCD525D}"
EndProject
Project("{FAE04EC0-301F-11D3-BF4B-00C04F79EFBC}") = "Unity.VisualScripting.State.Editor", "Unity.VisualScripting.State.Editor.csproj", "{C25E8D3E-F395-397A-2C44-6FF3B2575A78}"
EndProject
Project("{FAE04EC0-301F-11D3-BF4B-00C04F79EFBC}") = "Unity.TextMeshPro.Editor", "Unity.TextMeshPro.Editor.csproj", "{39081539-EB91-F60D-3E46-28069BA55485}"
EndProject
Project("{FAE04EC0-301F-11D3-BF4B-00C04F79EFBC}") = "Unity.VisualScripting.SettingsProvider.Editor", "Unity.VisualScripting.SettingsProvider.Editor.csproj", "{8305EE5A-551E-50FF-CE40-C55658B151AD}"
EndProject
Project("{FAE04EC0-301F-11D3-BF4B-00C04F79EFBC}") = "UnityEditor.TestRunner", "UnityEditor.TestRunner.csproj", "{D99EBC8A-03C7-4F91-7ADA-4B0F5085B180}"
EndProject
Project("{FAE04EC0-301F-11D3-BF4B-00C04F79EFBC}") = "Unity.TestTools.CodeCoverage.Editor", "Unity.TestTools.CodeCoverage.Editor.csproj", "{6BB61CA8-6B0A-ECF0-2A70-E0507714F8C9}"
EndProject
Project("{FAE04EC0-301F-11D3-BF4B-00C04F79EFBC}") = "Unity.Rider.Editor", "Unity.Rider.Editor.csproj", "{1666514E-27AB-B26F-85D3-F3AB7E50E3CB}"
EndProject
Project("{FAE04EC0-301F-11D3-BF4B-00C04F79EFBC}") = "Unity.Performance.Profile-Analyzer.Editor", "Unity.Performance.Profile-Analyzer.Editor.csproj", "{E62BCD0B-0108-B8CD-88FA-6AF9B9F90F86}"
EndProject
Project("{FAE04EC0-301F-11D3-BF4B-00C04F79EFBC}") = "Unity.SysrootPackage.Editor", "Unity.SysrootPackage.Editor.csproj", "{4D83624B-7581-6BEE-EE22-E11F5EE85A4A}"
EndProject
Project("{FAE04EC0-301F-11D3-BF4B-00C04F79EFBC}") = "Unity.VSCode.Editor", "Unity.VSCode.Editor.csproj", "{1FB5C18C-3785-F146-9BE1-443651BE8DAA}"
EndProject
Project("{FAE04EC0-301F-11D3-BF4B-00C04F79EFBC}") = "Unity.Toolchain.Win-x86_64-Linux-x86_64", "Unity.Toolchain.Win-x86_64-Linux-x86_64.csproj", "{30713268-72BD-AD0B-17D4-738B11527CC8}"
EndProject
Project("{FAE04EC0-301F-11D3-BF4B-00C04F79EFBC}") = "UnityEditor.UI", "UnityEditor.UI.csproj", "{F60A65C1-4C9C-1EF4-4899-1D2EFF8997AA}"
EndProject
Project("{FAE04EC0-301F-11D3-BF4B-00C04F79EFBC}") = "Unity.TestTools.CodeCoverage.Editor.OpenCover.Model", "Unity.TestTools.CodeCoverage.Editor.OpenCover.Model.csproj", "{0DD6FF2E-E9C7-5955-1A08-19F38B355780}"
EndProject
Project("{FAE04EC0-301F-11D3-BF4B-00C04F79EFBC}") = "Unity.EditorCoroutines.Editor", "Unity.EditorCoroutines.Editor.csproj", "{3A7E2E65-7B4D-E266-CCEE-193EB42EFB36}"
EndProject
Project("{FAE04EC0-301F-11D3-BF4B-00C04F79EFBC}") = "Unity.Settings.Editor", "Unity.Settings.Editor.csproj", "{5D5467A2-D50B-72F2-3D20-561ACDFEE58D}"
EndProject
Project("{FAE04EC0-301F-11D3-BF4B-00C04F79EFBC}") = "Unity.CollabProxy.Editor", "Unity.CollabProxy.Editor.csproj", "{680E20D6-3A92-CBF3-EF37-13B47234D198}"
EndProject
Project("{FAE04EC0-301F-11D3-BF4B-00C04F79EFBC}") = "Unity.TestTools.CodeCoverage.Editor.OpenCover.Mono.Reflection", "Unity.TestTools.CodeCoverage.Editor.OpenCover.Mono.Reflection.csproj", "{0D13DA1C-5870-A8FA-4A61-AD7F49F1C2AC}"
EndProject
Project("{FAE04EC0-301F-11D3-BF4B-00C04F79EFBC}") = "Unity.Sysroot.Linux_x86_64", "Unity.Sysroot.Linux_x86_64.csproj", "{A978CCC3-566C-7739-7823-EE0BC7F60909}"
EndProject
Project("{FAE04EC0-301F-11D3-BF4B-00C04F79EFBC}") = "Unity.VisualScripting.Shared.Editor", "Unity.VisualScripting.Shared.Editor.csproj", "{579C15AB-0A2D-885B-0C4A-C7AF3082B979}"
EndProject
Project("{FAE04EC0-301F-11D3-BF4B-00C04F79EFBC}") = "UnityEngine.TestRunner", "UnityEngine.TestRunner.Player.csproj", "{E8412FA6-07A6-0516-1AD3-09CA46CA16C6}"
EndProject
Project("{FAE04EC0-301F-11D3-BF4B-00C04F79EFBC}") = "UnityEngine.UI", "UnityEngine.UI.Player.csproj", "{220E72E5-78EB-746B-D986-E75A26166E59}"
EndProject
Project("{FAE04EC0-301F-11D3-BF4B-00C04F79EFBC}") = "Unity.VisualScripting.Flow", "Unity.VisualScripting.Flow.Player.csproj", "{05802D77-ADC2-4692-930E-295EAEE0E171}"
EndProject
Project("{FAE04EC0-301F-11D3-BF4B-00C04F79EFBC}") = "Unity.VisualScripting.State", "Unity.VisualScripting.State.Player.csproj", "{D0A44DCA-8DDF-129F-B120-004FCEB7AEA6}"
EndProject
Project("{FAE04EC0-301F-11D3-BF4B-00C04F79EFBC}") = "Unity.VisualScripting.Core", "Unity.VisualScripting.Core.Player.csproj", "{E57B856A-E60E-E21D-C981-4AED5D49F583}"
EndProject
Project("{FAE04EC0-301F-11D3-BF4B-00C04F79EFBC}") = "Unity.TextMeshPro", "Unity.TextMeshPro.Player.csproj", "{02E87D68-084A-0EA2-CB59-D44C6DB94474}"
EndProject
Project("{FAE04EC0-301F-11D3-BF4B-00C04F79EFBC}") = "Unity.Timeline", "Unity.Timeline.Player.csproj", "{F90D355C-5CDF-F262-1BBA-5353EBC7DFB0}"
EndProject
Project("{FAE04EC0-301F-11D3-BF4B-00C04F79EFBC}") = "Assembly-CSharp", "Assembly-CSharp.Player.csproj", "{1D3F1A97-B25B-1493-410B-DF083CAE883A}"
EndProject
Global
	GlobalSection(SolutionConfigurationPlatforms) = preSolution
		Debug|Any CPU = Debug|Any CPU
		Release|Any CPU = Release|Any CPU
	EndGlobalSection
	GlobalSection(ProjectConfigurationPlatforms) = postSolution
		{B4749913-DBBD-3C9C-1152-72D9E069116F}.Debug|Any CPU.ActiveCfg = Debug|Any CPU
		{B4749913-DBBD-3C9C-1152-72D9E069116F}.Debug|Any CPU.Build.0 = Debug|Any CPU
		{B4749913-DBBD-3C9C-1152-72D9E069116F}.Release|Any CPU.ActiveCfg = Release|Any CPU
		{B4749913-DBBD-3C9C-1152-72D9E069116F}.Release|Any CPU.Build.0 = Release|Any CPU
		{FD52D26F-DCA8-95FF-74A0-382C613A246A}.Debug|Any CPU.ActiveCfg = Debug|Any CPU
		{FD52D26F-DCA8-95FF-74A0-382C613A246A}.Debug|Any CPU.Build.0 = Debug|Any CPU
		{FD52D26F-DCA8-95FF-74A0-382C613A246A}.Release|Any CPU.ActiveCfg = Release|Any CPU
		{FD52D26F-DCA8-95FF-74A0-382C613A246A}.Release|Any CPU.Build.0 = Release|Any CPU
		{6A08658C-936D-A9A9-C556-FA74DE61BFD8}.Debug|Any CPU.ActiveCfg = Debug|Any CPU
		{6A08658C-936D-A9A9-C556-FA74DE61BFD8}.Debug|Any CPU.Build.0 = Debug|Any CPU
		{6A08658C-936D-A9A9-C556-FA74DE61BFD8}.Release|Any CPU.ActiveCfg = Release|Any CPU
		{6A08658C-936D-A9A9-C556-FA74DE61BFD8}.Release|Any CPU.Build.0 = Release|Any CPU
		{7582CD60-5E03-6817-4993-CAC2BC705D7E}.Debug|Any CPU.ActiveCfg = Debug|Any CPU
		{7582CD60-5E03-6817-4993-CAC2BC705D7E}.Debug|Any CPU.Build.0 = Debug|Any CPU
		{7582CD60-5E03-6817-4993-CAC2BC705D7E}.Release|Any CPU.ActiveCfg = Release|Any CPU
		{7582CD60-5E03-6817-4993-CAC2BC705D7E}.Release|Any CPU.Build.0 = Release|Any CPU
		{0D546F8A-3F73-4C45-3CD6-E079E88F495A}.Debug|Any CPU.ActiveCfg = Debug|Any CPU
		{0D546F8A-3F73-4C45-3CD6-E079E88F495A}.Debug|Any CPU.Build.0 = Debug|Any CPU
		{0D546F8A-3F73-4C45-3CD6-E079E88F495A}.Release|Any CPU.ActiveCfg = Release|Any CPU
		{0D546F8A-3F73-4C45-3CD6-E079E88F495A}.Release|Any CPU.Build.0 = Release|Any CPU
		{448DA80D-7B6E-F0E7-43AA-04D9B8CDC1EA}.Debug|Any CPU.ActiveCfg = Debug|Any CPU
		{448DA80D-7B6E-F0E7-43AA-04D9B8CDC1EA}.Debug|Any CPU.Build.0 = Debug|Any CPU
		{448DA80D-7B6E-F0E7-43AA-04D9B8CDC1EA}.Release|Any CPU.ActiveCfg = Release|Any CPU
		{448DA80D-7B6E-F0E7-43AA-04D9B8CDC1EA}.Release|Any CPU.Build.0 = Release|Any CPU
		{49741026-748C-CEC5-A1A3-C3F44017E815}.Debug|Any CPU.ActiveCfg = Debug|Any CPU
		{49741026-748C-CEC5-A1A3-C3F44017E815}.Debug|Any CPU.Build.0 = Debug|Any CPU
		{49741026-748C-CEC5-A1A3-C3F44017E815}.Release|Any CPU.ActiveCfg = Release|Any CPU
		{49741026-748C-CEC5-A1A3-C3F44017E815}.Release|Any CPU.Build.0 = Release|Any CPU
		{6ADFC60A-5A15-19B2-4734-67F497ED10DC}.Debug|Any CPU.ActiveCfg = Debug|Any CPU
		{6ADFC60A-5A15-19B2-4734-67F497ED10DC}.Debug|Any CPU.Build.0 = Debug|Any CPU
		{6ADFC60A-5A15-19B2-4734-67F497ED10DC}.Release|Any CPU.ActiveCfg = Release|Any CPU
		{6ADFC60A-5A15-19B2-4734-67F497ED10DC}.Release|Any CPU.Build.0 = Release|Any CPU
		{4EBECA01-7C51-6FB7-6D72-B5AAFA30E49F}.Debug|Any CPU.ActiveCfg = Debug|Any CPU
		{4EBECA01-7C51-6FB7-6D72-B5AAFA30E49F}.Debug|Any CPU.Build.0 = Debug|Any CPU
		{4EBECA01-7C51-6FB7-6D72-B5AAFA30E49F}.Release|Any CPU.ActiveCfg = Release|Any CPU
		{4EBECA01-7C51-6FB7-6D72-B5AAFA30E49F}.Release|Any CPU.Build.0 = Release|Any CPU
		{E807B5B4-3A99-7448-7261-19BEB6262D3B}.Debug|Any CPU.ActiveCfg = Debug|Any CPU
		{E807B5B4-3A99-7448-7261-19BEB6262D3B}.Debug|Any CPU.Build.0 = Debug|Any CPU
		{E807B5B4-3A99-7448-7261-19BEB6262D3B}.Release|Any CPU.ActiveCfg = Release|Any CPU
		{E807B5B4-3A99-7448-7261-19BEB6262D3B}.Release|Any CPU.Build.0 = Release|Any CPU
		{7DB9945D-1892-AAFE-9898-566A7C6B1AF7}.Debug|Any CPU.ActiveCfg = Debug|Any CPU
		{7DB9945D-1892-AAFE-9898-566A7C6B1AF7}.Debug|Any CPU.Build.0 = Debug|Any CPU
		{7DB9945D-1892-AAFE-9898-566A7C6B1AF7}.Release|Any CPU.ActiveCfg = Release|Any CPU
		{7DB9945D-1892-AAFE-9898-566A7C6B1AF7}.Release|Any CPU.Build.0 = Release|Any CPU
		{8A85C3F2-04B7-E0DE-BEA2-F844FB459DEB}.Debug|Any CPU.ActiveCfg = Debug|Any CPU
		{8A85C3F2-04B7-E0DE-BEA2-F844FB459DEB}.Debug|Any CPU.Build.0 = Debug|Any CPU
		{8A85C3F2-04B7-E0DE-BEA2-F844FB459DEB}.Release|Any CPU.ActiveCfg = Release|Any CPU
		{8A85C3F2-04B7-E0DE-BEA2-F844FB459DEB}.Release|Any CPU.Build.0 = Release|Any CPU
		{4F4B09BF-879D-6894-2DD1-F5834DCD525D}.Debug|Any CPU.ActiveCfg = Debug|Any CPU
		{4F4B09BF-879D-6894-2DD1-F5834DCD525D}.Debug|Any CPU.Build.0 = Debug|Any CPU
		{4F4B09BF-879D-6894-2DD1-F5834DCD525D}.Release|Any CPU.ActiveCfg = Release|Any CPU
		{4F4B09BF-879D-6894-2DD1-F5834DCD525D}.Release|Any CPU.Build.0 = Release|Any CPU
		{C25E8D3E-F395-397A-2C44-6FF3B2575A78}.Debug|Any CPU.ActiveCfg = Debug|Any CPU
		{C25E8D3E-F395-397A-2C44-6FF3B2575A78}.Debug|Any CPU.Build.0 = Debug|Any CPU
		{C25E8D3E-F395-397A-2C44-6FF3B2575A78}.Release|Any CPU.ActiveCfg = Release|Any CPU
		{C25E8D3E-F395-397A-2C44-6FF3B2575A78}.Release|Any CPU.Build.0 = Release|Any CPU
		{39081539-EB91-F60D-3E46-28069BA55485}.Debug|Any CPU.ActiveCfg = Debug|Any CPU
		{39081539-EB91-F60D-3E46-28069BA55485}.Debug|Any CPU.Build.0 = Debug|Any CPU
		{39081539-EB91-F60D-3E46-28069BA55485}.Release|Any CPU.ActiveCfg = Release|Any CPU
		{39081539-EB91-F60D-3E46-28069BA55485}.Release|Any CPU.Build.0 = Release|Any CPU
		{8305EE5A-551E-50FF-CE40-C55658B151AD}.Debug|Any CPU.ActiveCfg = Debug|Any CPU
		{8305EE5A-551E-50FF-CE40-C55658B151AD}.Debug|Any CPU.Build.0 = Debug|Any CPU
		{8305EE5A-551E-50FF-CE40-C55658B151AD}.Release|Any CPU.ActiveCfg = Release|Any CPU
		{8305EE5A-551E-50FF-CE40-C55658B151AD}.Release|Any CPU.Build.0 = Release|Any CPU
		{D99EBC8A-03C7-4F91-7ADA-4B0F5085B180}.Debug|Any CPU.ActiveCfg = Debug|Any CPU
		{D99EBC8A-03C7-4F91-7ADA-4B0F5085B180}.Debug|Any CPU.Build.0 = Debug|Any CPU
		{D99EBC8A-03C7-4F91-7ADA-4B0F5085B180}.Release|Any CPU.ActiveCfg = Release|Any CPU
		{D99EBC8A-03C7-4F91-7ADA-4B0F5085B180}.Release|Any CPU.Build.0 = Release|Any CPU
		{6BB61CA8-6B0A-ECF0-2A70-E0507714F8C9}.Debug|Any CPU.ActiveCfg = Debug|Any CPU
		{6BB61CA8-6B0A-ECF0-2A70-E0507714F8C9}.Debug|Any CPU.Build.0 = Debug|Any CPU
		{6BB61CA8-6B0A-ECF0-2A70-E0507714F8C9}.Release|Any CPU.ActiveCfg = Release|Any CPU
		{6BB61CA8-6B0A-ECF0-2A70-E0507714F8C9}.Release|Any CPU.Build.0 = Release|Any CPU
		{1666514E-27AB-B26F-85D3-F3AB7E50E3CB}.Debug|Any CPU.ActiveCfg = Debug|Any CPU
		{1666514E-27AB-B26F-85D3-F3AB7E50E3CB}.Debug|Any CPU.Build.0 = Debug|Any CPU
		{1666514E-27AB-B26F-85D3-F3AB7E50E3CB}.Release|Any CPU.ActiveCfg = Release|Any CPU
		{1666514E-27AB-B26F-85D3-F3AB7E50E3CB}.Release|Any CPU.Build.0 = Release|Any CPU
		{E62BCD0B-0108-B8CD-88FA-6AF9B9F90F86}.Debug|Any CPU.ActiveCfg = Debug|Any CPU
		{E62BCD0B-0108-B8CD-88FA-6AF9B9F90F86}.Debug|Any CPU.Build.0 = Debug|Any CPU
		{E62BCD0B-0108-B8CD-88FA-6AF9B9F90F86}.Release|Any CPU.ActiveCfg = Release|Any CPU
		{E62BCD0B-0108-B8CD-88FA-6AF9B9F90F86}.Release|Any CPU.Build.0 = Release|Any CPU
		{4D83624B-7581-6BEE-EE22-E11F5EE85A4A}.Debug|Any CPU.ActiveCfg = Debug|Any CPU
		{4D83624B-7581-6BEE-EE22-E11F5EE85A4A}.Debug|Any CPU.Build.0 = Debug|Any CPU
		{4D83624B-7581-6BEE-EE22-E11F5EE85A4A}.Release|Any CPU.ActiveCfg = Release|Any CPU
		{4D83624B-7581-6BEE-EE22-E11F5EE85A4A}.Release|Any CPU.Build.0 = Release|Any CPU
		{1FB5C18C-3785-F146-9BE1-443651BE8DAA}.Debug|Any CPU.ActiveCfg = Debug|Any CPU
		{1FB5C18C-3785-F146-9BE1-443651BE8DAA}.Debug|Any CPU.Build.0 = Debug|Any CPU
		{1FB5C18C-3785-F146-9BE1-443651BE8DAA}.Release|Any CPU.ActiveCfg = Release|Any CPU
		{1FB5C18C-3785-F146-9BE1-443651BE8DAA}.Release|Any CPU.Build.0 = Release|Any CPU
		{30713268-72BD-AD0B-17D4-738B11527CC8}.Debug|Any CPU.ActiveCfg = Debug|Any CPU
		{30713268-72BD-AD0B-17D4-738B11527CC8}.Debug|Any CPU.Build.0 = Debug|Any CPU
		{30713268-72BD-AD0B-17D4-738B11527CC8}.Release|Any CPU.ActiveCfg = Release|Any CPU
		{30713268-72BD-AD0B-17D4-738B11527CC8}.Release|Any CPU.Build.0 = Release|Any CPU
		{F60A65C1-4C9C-1EF4-4899-1D2EFF8997AA}.Debug|Any CPU.ActiveCfg = Debug|Any CPU
		{F60A65C1-4C9C-1EF4-4899-1D2EFF8997AA}.Debug|Any CPU.Build.0 = Debug|Any CPU
		{F60A65C1-4C9C-1EF4-4899-1D2EFF8997AA}.Release|Any CPU.ActiveCfg = Release|Any CPU
		{F60A65C1-4C9C-1EF4-4899-1D2EFF8997AA}.Release|Any CPU.Build.0 = Release|Any CPU
		{0DD6FF2E-E9C7-5955-1A08-19F38B355780}.Debug|Any CPU.ActiveCfg = Debug|Any CPU
		{0DD6FF2E-E9C7-5955-1A08-19F38B355780}.Debug|Any CPU.Build.0 = Debug|Any CPU
		{0DD6FF2E-E9C7-5955-1A08-19F38B355780}.Release|Any CPU.ActiveCfg = Release|Any CPU
		{0DD6FF2E-E9C7-5955-1A08-19F38B355780}.Release|Any CPU.Build.0 = Release|Any CPU
		{3A7E2E65-7B4D-E266-CCEE-193EB42EFB36}.Debug|Any CPU.ActiveCfg = Debug|Any CPU
		{3A7E2E65-7B4D-E266-CCEE-193EB42EFB36}.Debug|Any CPU.Build.0 = Debug|Any CPU
		{3A7E2E65-7B4D-E266-CCEE-193EB42EFB36}.Release|Any CPU.ActiveCfg = Release|Any CPU
		{3A7E2E65-7B4D-E266-CCEE-193EB42EFB36}.Release|Any CPU.Build.0 = Release|Any CPU
		{5D5467A2-D50B-72F2-3D20-561ACDFEE58D}.Debug|Any CPU.ActiveCfg = Debug|Any CPU
		{5D5467A2-D50B-72F2-3D20-561ACDFEE58D}.Debug|Any CPU.Build.0 = Debug|Any CPU
		{5D5467A2-D50B-72F2-3D20-561ACDFEE58D}.Release|Any CPU.ActiveCfg = Release|Any CPU
		{5D5467A2-D50B-72F2-3D20-561ACDFEE58D}.Release|Any CPU.Build.0 = Release|Any CPU
		{680E20D6-3A92-CBF3-EF37-13B47234D198}.Debug|Any CPU.ActiveCfg = Debug|Any CPU
		{680E20D6-3A92-CBF3-EF37-13B47234D198}.Debug|Any CPU.Build.0 = Debug|Any CPU
		{680E20D6-3A92-CBF3-EF37-13B47234D198}.Release|Any CPU.ActiveCfg = Release|Any CPU
		{680E20D6-3A92-CBF3-EF37-13B47234D198}.Release|Any CPU.Build.0 = Release|Any CPU
		{0D13DA1C-5870-A8FA-4A61-AD7F49F1C2AC}.Debug|Any CPU.ActiveCfg = Debug|Any CPU
		{0D13DA1C-5870-A8FA-4A61-AD7F49F1C2AC}.Debug|Any CPU.Build.0 = Debug|Any CPU
		{0D13DA1C-5870-A8FA-4A61-AD7F49F1C2AC}.Release|Any CPU.ActiveCfg = Release|Any CPU
		{0D13DA1C-5870-A8FA-4A61-AD7F49F1C2AC}.Release|Any CPU.Build.0 = Release|Any CPU
		{A978CCC3-566C-7739-7823-EE0BC7F60909}.Debug|Any CPU.ActiveCfg = Debug|Any CPU
		{A978CCC3-566C-7739-7823-EE0BC7F60909}.Debug|Any CPU.Build.0 = Debug|Any CPU
		{A978CCC3-566C-7739-7823-EE0BC7F60909}.Release|Any CPU.ActiveCfg = Release|Any CPU
		{A978CCC3-566C-7739-7823-EE0BC7F60909}.Release|Any CPU.Build.0 = Release|Any CPU
		{579C15AB-0A2D-885B-0C4A-C7AF3082B979}.Debug|Any CPU.ActiveCfg = Debug|Any CPU
		{579C15AB-0A2D-885B-0C4A-C7AF3082B979}.Debug|Any CPU.Build.0 = Debug|Any CPU
		{579C15AB-0A2D-885B-0C4A-C7AF3082B979}.Release|Any CPU.ActiveCfg = Release|Any CPU
		{579C15AB-0A2D-885B-0C4A-C7AF3082B979}.Release|Any CPU.Build.0 = Release|Any CPU
		{E8412FA6-07A6-0516-1AD3-09CA46CA16C6}.Debug|Any CPU.ActiveCfg = Debug|Any CPU
		{E8412FA6-07A6-0516-1AD3-09CA46CA16C6}.Debug|Any CPU.Build.0 = Debug|Any CPU
		{E8412FA6-07A6-0516-1AD3-09CA46CA16C6}.Release|Any CPU.ActiveCfg = Release|Any CPU
		{E8412FA6-07A6-0516-1AD3-09CA46CA16C6}.Release|Any CPU.Build.0 = Release|Any CPU
		{220E72E5-78EB-746B-D986-E75A26166E59}.Debug|Any CPU.ActiveCfg = Debug|Any CPU
		{220E72E5-78EB-746B-D986-E75A26166E59}.Debug|Any CPU.Build.0 = Debug|Any CPU
		{220E72E5-78EB-746B-D986-E75A26166E59}.Release|Any CPU.ActiveCfg = Release|Any CPU
		{220E72E5-78EB-746B-D986-E75A26166E59}.Release|Any CPU.Build.0 = Release|Any CPU
		{05802D77-ADC2-4692-930E-295EAEE0E171}.Debug|Any CPU.ActiveCfg = Debug|Any CPU
		{05802D77-ADC2-4692-930E-295EAEE0E171}.Debug|Any CPU.Build.0 = Debug|Any CPU
		{05802D77-ADC2-4692-930E-295EAEE0E171}.Release|Any CPU.ActiveCfg = Release|Any CPU
		{05802D77-ADC2-4692-930E-295EAEE0E171}.Release|Any CPU.Build.0 = Release|Any CPU
		{D0A44DCA-8DDF-129F-B120-004FCEB7AEA6}.Debug|Any CPU.ActiveCfg = Debug|Any CPU
		{D0A44DCA-8DDF-129F-B120-004FCEB7AEA6}.Debug|Any CPU.Build.0 = Debug|Any CPU
		{D0A44DCA-8DDF-129F-B120-004FCEB7AEA6}.Release|Any CPU.ActiveCfg = Release|Any CPU
		{D0A44DCA-8DDF-129F-B120-004FCEB7AEA6}.Release|Any CPU.Build.0 = Release|Any CPU
		{E57B856A-E60E-E21D-C981-4AED5D49F583}.Debug|Any CPU.ActiveCfg = Debug|Any CPU
		{E57B856A-E60E-E21D-C981-4AED5D49F583}.Debug|Any CPU.Build.0 = Debug|Any CPU
		{E57B856A-E60E-E21D-C981-4AED5D49F583}.Release|Any CPU.ActiveCfg = Release|Any CPU
		{E57B856A-E60E-E21D-C981-4AED5D49F583}.Release|Any CPU.Build.0 = Release|Any CPU
		{02E87D68-084A-0EA2-CB59-D44C6DB94474}.Debug|Any CPU.ActiveCfg = Debug|Any CPU
		{02E87D68-084A-0EA2-CB59-D44C6DB94474}.Debug|Any CPU.Build.0 = Debug|Any CPU
		{02E87D68-084A-0EA2-CB59-D44C6DB94474}.Release|Any CPU.ActiveCfg = Release|Any CPU
		{02E87D68-084A-0EA2-CB59-D44C6DB94474}.Release|Any CPU.Build.0 = Release|Any CPU
		{F90D355C-5CDF-F262-1BBA-5353EBC7DFB0}.Debug|Any CPU.ActiveCfg = Debug|Any CPU
		{F90D355C-5CDF-F262-1BBA-5353EBC7DFB0}.Debug|Any CPU.Build.0 = Debug|Any CPU
		{F90D355C-5CDF-F262-1BBA-5353EBC7DFB0}.Release|Any CPU.ActiveCfg = Release|Any CPU
		{F90D355C-5CDF-F262-1BBA-5353EBC7DFB0}.Release|Any CPU.Build.0 = Release|Any CPU
		{1D3F1A97-B25B-1493-410B-DF083CAE883A}.Debug|Any CPU.ActiveCfg = Debug|Any CPU
		{1D3F1A97-B25B-1493-410B-DF083CAE883A}.Debug|Any CPU.Build.0 = Debug|Any CPU
		{1D3F1A97-B25B-1493-410B-DF083CAE883A}.Release|Any CPU.ActiveCfg = Release|Any CPU
		{1D3F1A97-B25B-1493-410B-DF083CAE883A}.Release|Any CPU.Build.0 = Release|Any CPU
	EndGlobalSection
	GlobalSection(SolutionProperties) = preSolution
		HideSolutionNode = FALSE
	EndGlobalSection
EndGlobal
